<?xml version="1.0" encoding="utf-8"?>
<Project ToolsVersion="4.0" xmlns="http://schemas.microsoft.com/developer/msbuild/2003">
  <ItemGroup>
    <Filter Include="源文件">
      <UniqueIdentifier>{4FC737F1-C7A5-4376-A066-2A32D752A2FF}</UniqueIdentifier>
      <Extensions>cpp;c;cc;cxx;c++;cppm;ixx;def;odl;idl;hpj;bat;asm;asmx</Extensions>
    </Filter>
    <Filter Include="头文件">
      <UniqueIdentifier>{93995380-89BD-4b04-88EB-625FBE52EBFB}</UniqueIdentifier>
      <Extensions>h;hh;hpp;hxx;h++;hm;inl;inc;ipp;xsd</Extensions>
    </Filter>
    <Filter Include="资源文件">
      <UniqueIdentifier>{67DA6AB6-F800-4c08-8B7A-83BB121AAD01}</UniqueIdentifier>
      <Extensions>rc;ico;cur;bmp;dlg;rc2;rct;bin;rgs;gif;jpg;jpeg;jpe;resx;tiff;tif;png;wav;mfcribbon-ms</Extensions>
    </Filter>
    <Filter Include="资源文件\Shaders">
      <UniqueIdentifier>{cde1f833-4c6c-4d36-847c-d5140787bf29}</UniqueIdentifier>
    </Filter>
  </ItemGroup>
  <ItemGroup>
    <ClCompile Include="Assests\Main.cpp">
      <Filter>源文件</Filter>
    </ClCompile>
    <ClCompile Include="Assests\Src\render\stb_image.cpp">
      <Filter>源文件</Filter>
    </ClCompile>
    <ClCompile Include="Assests\Lib\glad.c">
      <Filter>源文件</Filter>
    </ClCompile>
    <ClCompile Include="Assests\Src\Managers\TextureManager.cpp">
      <Filter>源文件</Filter>
    </ClCompile>
    <ClCompile Include="Assests\Src\render\shader.cpp">
      <Filter>源文件</Filter>
    </ClCompile>
    <ClCompile Include="Assests\Src\Object\Component\TextureResource.cpp">
      <Filter>源文件</Filter>
    </ClCompile>
    <ClCompile Include="Assests\Src\Managers\InputSystem.cpp">
      <Filter>源文件</Filter>
    </ClCompile>
    <ClCompile Include="Assests\Src\imgui\imgui.cpp">
      <Filter>源文件</Filter>
    </ClCompile>
    <ClCompile Include="Assests\Src\imgui\imgui_demo.cpp">
      <Filter>源文件</Filter>
    </ClCompile>
    <ClCompile Include="Assests\Src\imgui\imgui_draw.cpp">
      <Filter>源文件</Filter>
    </ClCompile>
    <ClCompile Include="Assests\Src\imgui\imgui_impl_glfw.cpp">
      <Filter>源文件</Filter>
    </ClCompile>
    <ClCompile Include="Assests\Src\imgui\imgui_impl_opengl3.cpp">
      <Filter>源文件</Filter>
    </ClCompile>
    <ClCompile Include="Assests\Src\imgui\imgui_tables.cpp">
      <Filter>源文件</Filter>
    </ClCompile>
    <ClCompile Include="Assests\Src\imgui\imgui_widgets.cpp">
      <Filter>源文件</Filter>
    </ClCompile>
    <ClCompile Include="Assests\Src\Managers\ResourcePathManager.cpp">
      <Filter>源文件</Filter>
    </ClCompile>
    <ClCompile Include="Assests\Src\Object\Component\baseShader.cpp">
      <Filter>源文件</Filter>
    </ClCompile>
    <ClCompile Include="Assests\Src\Managers\globalParametersManager.cpp">
      <Filter>源文件</Filter>
    </ClCompile>
    <ClCompile Include="Assests\Src\Object\Object.cpp">
      <Filter>源文件</Filter>
    </ClCompile>
    <ClCompile Include="Assests\Src\Managers\ObjectManager.cpp">
      <Filter>源文件</Filter>
    </ClCompile>
    <ClCompile Include="Assests\Src\Object\Component\Transform.cpp">
      <Filter>源文件</Filter>
    </ClCompile>
    <ClCompile Include="Assests\Src\render\Shaders\BaseLightShader.cpp">
      <Filter>源文件</Filter>
    </ClCompile>
    <ClCompile Include="Assests\Src\imgui\ImGuizmo.cpp">
      <Filter>源文件</Filter>
    </ClCompile>
  </ItemGroup>
  <ItemGroup>
    <ClInclude Include="Assests\Include\camera.h">
      <Filter>头文件</Filter>
    </ClInclude>
    <ClInclude Include="Assests\Include\render\Shader.h">
      <Filter>头文件</Filter>
    </ClInclude>
    <ClInclude Include="Assests\Include\Managers\TextureManager.h">
      <Filter>头文件</Filter>
    </ClInclude>
    <ClInclude Include="Assests\Include\Object\Component\TextureResource.h">
      <Filter>头文件</Filter>
    </ClInclude>
    <ClInclude Include="Assests\Include\Object\Component\mesh.h">
      <Filter>头文件</Filter>
    </ClInclude>
    <ClInclude Include="Assests\Include\Object\Component\model.h">
      <Filter>头文件</Filter>
    </ClInclude>
    <ClInclude Include="Assests\Include\Object\Component\TextureEnums.h">
      <Filter>头文件</Filter>
    </ClInclude>
    <ClInclude Include="Assests\Include\Managers\InputSystem.h">
      <Filter>头文件</Filter>
    </ClInclude>
    <ClInclude Include="Assests\Include\Managers\ResourcePathManager.h">
      <Filter>头文件</Filter>
    </ClInclude>
    <ClInclude Include="Assests\Include\Object\Component\baseShader.h">
      <Filter>头文件</Filter>
    </ClInclude>
    <ClInclude Include="Assests\Include\Managers\UI_Manager.h">
      <Filter>头文件</Filter>
    </ClInclude>
    <ClInclude Include="Assests\Include\Object\Component\girdMesh.h">
      <Filter>头文件</Filter>
    </ClInclude>
    <ClInclude Include="Assests\Include\Managers\globalParametersManager.h">
      <Filter>头文件</Filter>
    </ClInclude>
    <ClInclude Include="Assests\Include\Object\Object.h">
      <Filter>头文件</Filter>
    </ClInclude>
    <ClInclude Include="Assests\Include\Object\Component\Transform.h">
      <Filter>头文件</Filter>
    </ClInclude>
    <ClInclude Include="Assests\Include\Object\Component\Component.h">
      <Filter>头文件</Filter>
    </ClInclude>
    <ClInclude Include="Assests\Include\Managers\ObjectManager.h">
      <Filter>头文件</Filter>
    </ClInclude>
    <ClInclude Include="Assests\Include\Object\Component\ComponentFactory.h">
      <Filter>头文件</Filter>
    </ClInclude>
    <ClInclude Include="Assests\Include\plugins.h">
      <Filter>头文件</Filter>
    </ClInclude>
    <ClInclude Include="Assests\Include\render\Shaders\BaseLightShader.h">
      <Filter>头文件</Filter>
    </ClInclude>
    <ClInclude Include="Assests\Include\imgui\ImGuizmo.h">
      <Filter>头文件</Filter>
    </ClInclude>
  </ItemGroup>
  <ItemGroup>
    <None Include="Shaders\light_cube.frag">
      <Filter>资源文件\Shaders</Filter>
    </None>
    <None Include="Shaders\materials.frag">
      <Filter>资源文件\Shaders</Filter>
    </None>
    <None Include="Shaders\shader.frag">
      <Filter>资源文件\Shaders</Filter>
    </None>
    <None Include="Shaders\shader.vert">
      <Filter>资源文件\Shaders</Filter>
    </None>
    <None Include="Assests\Resource\ObjectData\ObjectManager.json" />
  </ItemGroup>
  <ItemGroup>
    <Image Include="Assests\Resource\Textures\awesomeface.png">
      <Filter>资源文件</Filter>
    </Image>
    <Image Include="Assests\Resource\Textures\container.jpg">
      <Filter>资源文件</Filter>
    </Image>
    <Image Include="Assests\Resource\Textures\wall.jpg">
      <Filter>资源文件</Filter>
    </Image>
    <Image Include="Assests\Resource\Textures\xdxd.png">
      <Filter>资源文件</Filter>
    </Image>
    <Image Include="..\..\..\..\uploads_files_2529155_Textures_Baked\tv_Normal_G+.tga" />
  </ItemGroup>
</Project>